
Microsoft Visual Studio Solution File, Format Version 12.00
# Visual Studio Version 17
VisualStudioVersion = 17.4.33213.308
MinimumVisualStudioVersion = 10.0.40219.1
Project("{FAE04EC0-301F-11D3-BF4B-00C04F79EFBC}") = "AudioDeviceWatcher", "AudioDeviceWatcher\AudioDeviceWatcher.csproj", "{8BF7B1CB-FBE6-49E9-8098-1A1EE3B9DAE2}"
EndProject
Global
	GlobalSection(SolutionConfigurationPlatforms) = preSolution
		Debug|Any CPU = Debug|Any CPU
		Release|Any CPU = Release|Any CPU
	EndGlobalSection
	GlobalSection(ProjectConfigurationPlatforms) = postSolution
		{8BF7B1CB-FBE6-49E9-8098-1A1EE3B9DAE2}.Debug|Any CPU.ActiveCfg = Debug|Any CPU
		{8BF7B1CB-FBE6-49E9-8098-1A1EE3B9DAE2}.Debug|Any CPU.Build.0 = Debug|Any CPU
		{8BF7B1CB-FBE6-49E9-8098-1A1EE3B9DAE2}.Release|Any CPU.ActiveCfg = Release|Any CPU
		{8BF7B1CB-FBE6-49E9-8098-1A1EE3B9DAE2}.Release|Any CPU.Build.0 = Release|Any CPU
	EndGlobalSection
	GlobalSection(SolutionProperties) = preSolution
		HideSolutionNode = FALSE
	EndGlobalSection
	GlobalSection(ExtensibilityGlobals) = postSolution
		SolutionGuid = {1119E312-F305-488C-B872-65DCEDC52113}
	EndGlobalSection
EndGlobal
